
Microsoft Visual Studio Solution File, Format Version 12.00
# Visual Studio Version 16
VisualStudioVersion = 16.0.32413.511
MinimumVisualStudioVersion = 10.0.40219.1
Project("{FAE04EC0-301F-11D3-BF4B-00C04F79EFBC}") = "WebAPISilverhorse", "WebAPISilverhorse\WebAPISilverhorse.csproj", "{C737E568-3FAB-4CA4-AA67-D3503717847E}"
EndProject
Global
	GlobalSection(SolutionConfigurationPlatforms) = preSolution
		Debug|Any CPU = Debug|Any CPU
		Release|Any CPU = Release|Any CPU
	EndGlobalSection
	GlobalSection(ProjectConfigurationPlatforms) = postSolution
		{C737E568-3FAB-4CA4-AA67-D3503717847E}.Debug|Any CPU.ActiveCfg = Debug|Any CPU
		{C737E568-3FAB-4CA4-AA67-D3503717847E}.Debug|Any CPU.Build.0 = Debug|Any CPU
		{C737E568-3FAB-4CA4-AA67-D3503717847E}.Release|Any CPU.ActiveCfg = Release|Any CPU
		{C737E568-3FAB-4CA4-AA67-D3503717847E}.Release|Any CPU.Build.0 = Release|Any CPU
	EndGlobalSection
	GlobalSection(SolutionProperties) = preSolution
		HideSolutionNode = FALSE
	EndGlobalSection
	GlobalSection(ExtensibilityGlobals) = postSolution
		SolutionGuid = {8D721907-F863-46DC-910C-18A467ACA2FB}
	EndGlobalSection
EndGlobal
